
Microsoft Visual Studio Solution File, Format Version 12.00
# Visual Studio Version 17
VisualStudioVersion = 17.3.32929.385
MinimumVisualStudioVersion = 10.0.40219.1
Project("{FAE04EC0-301F-11D3-BF4B-00C04F79EFBC}") = "Saladeaula", "Saladeaula.csproj", "{B6ACFDBC-02F5-43BE-8A5A-A5A1FAE9D6DD}"
EndProject
Global
	GlobalSection(SolutionConfigurationPlatforms) = preSolution
		Debug|Any CPU = Debug|Any CPU
		Release|Any CPU = Release|Any CPU
	EndGlobalSection
	GlobalSection(ProjectConfigurationPlatforms) = postSolution
		{B6ACFDBC-02F5-43BE-8A5A-A5A1FAE9D6DD}.Debug|Any CPU.ActiveCfg = Debug|Any CPU
		{B6ACFDBC-02F5-43BE-8A5A-A5A1FAE9D6DD}.Debug|Any CPU.Build.0 = Debug|Any CPU
		{B6ACFDBC-02F5-43BE-8A5A-A5A1FAE9D6DD}.Release|Any CPU.ActiveCfg = Release|Any CPU
		{B6ACFDBC-02F5-43BE-8A5A-A5A1FAE9D6DD}.Release|Any CPU.Build.0 = Release|Any CPU
	EndGlobalSection
	GlobalSection(SolutionProperties) = preSolution
		HideSolutionNode = FALSE
	EndGlobalSection
	GlobalSection(ExtensibilityGlobals) = postSolution
		SolutionGuid = {39F54688-DE6B-4331-96EB-12300E0C85B2}
	EndGlobalSection
EndGlobal
